// !$*UTF8*$!
{
	archiveVersion = 1;
	classes = {
	};
	objectVersion = 56;
	objects = {

/* Begin PBXBuildFile section */
		F3A7052829FA72B5008B6BE2 /* ShowImageVC.swift in Sources */ = {isa = PBXBuildFile; fileRef = F3A7052729FA72B5008B6BE2 /* ShowImageVC.swift */; };
		F3A7052A29FAA203008B6BE2 /* UnsplashItem.swift in Sources */ = {isa = PBXBuildFile; fileRef = F3A7052929FAA203008B6BE2 /* UnsplashItem.swift */; };
		F3EEB54D29F92CE400E7933D /* AppDelegate.swift in Sources */ = {isa = PBXBuildFile; fileRef = F3EEB54C29F92CE400E7933D /* AppDelegate.swift */; };
		F3EEB54F29F92CE400E7933D /* SceneDelegate.swift in Sources */ = {isa = PBXBuildFile; fileRef = F3EEB54E29F92CE400E7933D /* SceneDelegate.swift */; };
		F3EEB55129F92CE400E7933D /* ViewController.swift in Sources */ = {isa = PBXBuildFile; fileRef = F3EEB55029F92CE400E7933D /* ViewController.swift */; };
		F3EEB55429F92CE400E7933D /* Main.storyboard in Resources */ = {isa = PBXBuildFile; fileRef = F3EEB55229F92CE400E7933D /* Main.storyboard */; };
		F3EEB55629F92CE500E7933D /* Assets.xcassets in Resources */ = {isa = PBXBuildFile; fileRef = F3EEB55529F92CE500E7933D /* Assets.xcassets */; };
		F3EEB55929F92CE500E7933D /* LaunchScreen.storyboard in Resources */ = {isa = PBXBuildFile; fileRef = F3EEB55729F92CE500E7933D /* LaunchScreen.storyboard */; };
		F3EEB56129F9316500E7933D /* MyCollectionViewCell.swift in Sources */ = {isa = PBXBuildFile; fileRef = F3EEB56029F9316500E7933D /* MyCollectionViewCell.swift */; };
		FB70ED6DE03A42F85D28F77A /* Pods_DemoAPI.framework in Frameworks */ = {isa = PBXBuildFile; fileRef = CEA8924D9FDA8E938DD9043A /* Pods_DemoAPI.framework */; };
/* End PBXBuildFile section */

/* Begin PBXFileReference section */
		119FD4E324D444D5A839E964 /* Pods-DemoAPI.debug.xcconfig */ = {isa = PBXFileReference; includeInIndex = 1; lastKnownFileType = text.xcconfig; name = "Pods-DemoAPI.debug.xcconfig"; path = "Target Support Files/Pods-DemoAPI/Pods-DemoAPI.debug.xcconfig"; sourceTree = "<group>"; };
		A392C67220043B2CBF707044 /* Pods-DemoAPI.release.xcconfig */ = {isa = PBXFileReference; includeInIndex = 1; lastKnownFileType = text.xcconfig; name = "Pods-DemoAPI.release.xcconfig"; path = "Target Support Files/Pods-DemoAPI/Pods-DemoAPI.release.xcconfig"; sourceTree = "<group>"; };
		CEA8924D9FDA8E938DD9043A /* Pods_DemoAPI.framework */ = {isa = PBXFileReference; explicitFileType = wrapper.framework; includeInIndex = 0; path = Pods_DemoAPI.framework; sourceTree = BUILT_PRODUCTS_DIR; };
		F3A7052729FA72B5008B6BE2 /* ShowImageVC.swift */ = {isa = PBXFileReference; lastKnownFileType = sourcecode.swift; path = ShowImageVC.swift; sourceTree = "<group>"; };
		F3A7052929FAA203008B6BE2 /* UnsplashItem.swift */ = {isa = PBXFileReference; lastKnownFileType = sourcecode.swift; path = UnsplashItem.swift; sourceTree = "<group>"; };
		F3EEB54929F92CE400E7933D /* DemoAPI.app */ = {isa = PBXFileReference; explicitFileType = wrapper.application; includeInIndex = 0; path = DemoAPI.app; sourceTree = BUILT_PRODUCTS_DIR; };
		F3EEB54C29F92CE400E7933D /* AppDelegate.swift */ = {isa = PBXFileReference; lastKnownFileType = sourcecode.swift; path = AppDelegate.swift; sourceTree = "<group>"; };
		F3EEB54E29F92CE400E7933D /* SceneDelegate.swift */ = {isa = PBXFileReference; lastKnownFileType = sourcecode.swift; path = SceneDelegate.swift; sourceTree = "<group>"; };
		F3EEB55029F92CE400E7933D /* ViewController.swift */ = {isa = PBXFileReference; lastKnownFileType = sourcecode.swift; path = ViewController.swift; sourceTree = "<group>"; };
		F3EEB55329F92CE400E7933D /* Base */ = {isa = PBXFileReference; lastKnownFileType = file.storyboard; name = Base; path = Base.lproj/Main.storyboard; sourceTree = "<group>"; };
		F3EEB55529F92CE500E7933D /* Assets.xcassets */ = {isa = PBXFileReference; lastKnownFileType = folder.assetcatalog; path = Assets.xcassets; sourceTree = "<group>"; };
		F3EEB55829F92CE500E7933D /* Base */ = {isa = PBXFileReference; lastKnownFileType = file.storyboard; name = Base; path = Base.lproj/LaunchScreen.storyboard; sourceTree = "<group>"; };
		F3EEB55A29F92CE500E7933D /* Info.plist */ = {isa = PBXFileReference; lastKnownFileType = text.plist.xml; path = Info.plist; sourceTree = "<group>"; };
		F3EEB56029F9316500E7933D /* MyCollectionViewCell.swift */ = {isa = PBXFileReference; lastKnownFileType = sourcecode.swift; path = MyCollectionViewCell.swift; sourceTree = "<group>"; };
/* End PBXFileReference section */

/* Begin PBXFrameworksBuildPhase section */
		F3EEB54629F92CE400E7933D /* Frameworks */ = {
			isa = PBXFrameworksBuildPhase;
			buildActionMask = 2147483647;
			files = (
				FB70ED6DE03A42F85D28F77A /* Pods_DemoAPI.framework in Frameworks */,
			);
			runOnlyForDeploymentPostprocessing = 0;
		};
/* End PBXFrameworksBuildPhase section */

/* Begin PBXGroup section */
		34B07648B9033896A46CB3B1 /* Pods */ = {
			isa = PBXGroup;
			children = (
				119FD4E324D444D5A839E964 /* Pods-DemoAPI.debug.xcconfig */,
				A392C67220043B2CBF707044 /* Pods-DemoAPI.release.xcconfig */,
			);
			path = Pods;
			sourceTree = "<group>";
		};
		34E43572D639A1200A0CA21E /* Frameworks */ = {
			isa = PBXGroup;
			children = (
				CEA8924D9FDA8E938DD9043A /* Pods_DemoAPI.framework */,
			);
			name = Frameworks;
			sourceTree = "<group>";
		};
		F3EEB54029F92CE400E7933D = {
			isa = PBXGroup;
			children = (
				F3EEB54B29F92CE400E7933D /* DemoAPI */,
				F3EEB54A29F92CE400E7933D /* Products */,
				34B07648B9033896A46CB3B1 /* Pods */,
				34E43572D639A1200A0CA21E /* Frameworks */,
			);
			sourceTree = "<group>";
		};
		F3EEB54A29F92CE400E7933D /* Products */ = {
			isa = PBXGroup;
			children = (
				F3EEB54929F92CE400E7933D /* DemoAPI.app */,
			);
			name = Products;
			sourceTree = "<group>";
		};
		F3EEB54B29F92CE400E7933D /* DemoAPI */ = {
			isa = PBXGroup;
			children = (
				F3EEB54C29F92CE400E7933D /* AppDelegate.swift */,
				F3EEB54E29F92CE400E7933D /* SceneDelegate.swift */,
				F3EEB56029F9316500E7933D /* MyCollectionViewCell.swift */,
				F3A7052729FA72B5008B6BE2 /* ShowImageVC.swift */,
				F3A7052929FAA203008B6BE2 /* UnsplashItem.swift */,
				F3EEB55029F92CE400E7933D /* ViewController.swift */,
				F3EEB55229F92CE400E7933D /* Main.storyboard */,
				F3EEB55529F92CE500E7933D /* Assets.xcassets */,
				F3EEB55729F92CE500E7933D /* LaunchScreen.storyboard */,
				F3EEB55A29F92CE500E7933D /* Info.plist */,
			);
			path = DemoAPI;
			sourceTree = "<group>";
		};
/* End PBXGroup section */

/* Begin PBXNativeTarget section */
		F3EEB54829F92CE400E7933D /* DemoAPI */ = {
			isa = PBXNativeTarget;
			buildConfigurationList = F3EEB55D29F92CE500E7933D /* Build configuration list for PBXNativeTarget "DemoAPI" */;
			buildPhases = (
				6123FF3A7A0B40B133035693 /* [CP] Check Pods Manifest.lock */,
				F3EEB54529F92CE400E7933D /* Sources */,
				F3EEB54629F92CE400E7933D /* Frameworks */,
				F3EEB54729F92CE400E7933D /* Resources */,
				93CCB215CE663B264D47F317 /* [CP] Embed Pods Frameworks */,
			);
			buildRules = (
			);
			dependencies = (
			);
			name = DemoAPI;
			productName = DemoAPI;
			productReference = F3EEB54929F92CE400E7933D /* DemoAPI.app */;
			productType = "com.apple.product-type.application";
		};
/* End PBXNativeTarget section */

/* Begin PBXProject section */
		F3EEB54129F92CE400E7933D /* Project object */ = {
			isa = PBXProject;
			attributes = {
				BuildIndependentTargetsInParallel = 1;
				LastSwiftUpdateCheck = 1430;
				LastUpgradeCheck = 1430;
				TargetAttributes = {
					F3EEB54829F92CE400E7933D = {
						CreatedOnToolsVersion = 14.3;
					};
				};
			};
			buildConfigurationList = F3EEB54429F92CE400E7933D /* Build configuration list for PBXProject "DemoAPI" */;
			compatibilityVersion = "Xcode 14.0";
			developmentRegion = en;
			hasScannedForEncodings = 0;
			knownRegions = (
				en,
				Base,
			);
			mainGroup = F3EEB54029F92CE400E7933D;
			productRefGroup = F3EEB54A29F92CE400E7933D /* Products */;
			projectDirPath = "";
			projectRoot = "";
			targets = (
				F3EEB54829F92CE400E7933D /* DemoAPI */,
			);
		};
/* End PBXProject section */

/* Begin PBXResourcesBuildPhase section */
		F3EEB54729F92CE400E7933D /* Resources */ = {
			isa = PBXResourcesBuildPhase;
			buildActionMask = 2147483647;
			files = (
				F3EEB55929F92CE500E7933D /* LaunchScreen.storyboard in Resources */,
				F3EEB55629F92CE500E7933D /* Assets.xcassets in Resources */,
				F3EEB55429F92CE400E7933D /* Main.storyboard in Resources */,
			);
			runOnlyForDeploymentPostprocessing = 0;
		};
/* End PBXResourcesBuildPhase section */

/* Begin PBXShellScriptBuildPhase section */
		6123FF3A7A0B40B133035693 /* [CP] Check Pods Manifest.lock */ = {
			isa = PBXShellScriptBuildPhase;
			buildActionMask = 2147483647;
			files = (
			);
			inputFileListPaths = (
			);
			inputPaths = (
				"${PODS_PODFILE_DIR_PATH}/Podfile.lock",
				"${PODS_ROOT}/Manifest.lock",
			);
			name = "[CP] Check Pods Manifest.lock";
			outputFileListPaths = (
			);
			outputPaths = (
				"$(DERIVED_FILE_DIR)/Pods-DemoAPI-checkManifestLockResult.txt",
			);
			runOnlyForDeploymentPostprocessing = 0;
			shellPath = /bin/sh;
			shellScript = "diff \"${PODS_PODFILE_DIR_PATH}/Podfile.lock\" \"${PODS_ROOT}/Manifest.lock\" > /dev/null\nif [ $? != 0 ] ; then\n    # print error to STDERR\n    echo \"error: The sandbox is not in sync with the Podfile.lock. Run 'pod install' or update your CocoaPods installation.\" >&2\n    exit 1\nfi\n# This output is used by Xcode 'outputs' to avoid re-running this script phase.\necho \"SUCCESS\" > \"${SCRIPT_OUTPUT_FILE_0}\"\n";
			showEnvVarsInLog = 0;
		};
		93CCB215CE663B264D47F317 /* [CP] Embed Pods Frameworks */ = {
			isa = PBXShellScriptBuildPhase;
			buildActionMask = 2147483647;
			files = (
			);
			inputFileListPaths = (
				"${PODS_ROOT}/Target Support Files/Pods-DemoAPI/Pods-DemoAPI-frameworks-${CONFIGURATION}-input-files.xcfilelist",
			);
			name = "[CP] Embed Pods Frameworks";
			outputFileListPaths = (
				"${PODS_ROOT}/Target Support Files/Pods-DemoAPI/Pods-DemoAPI-frameworks-${CONFIGURATION}-output-files.xcfilelist",
			);
			runOnlyForDeploymentPostprocessing = 0;
			shellPath = /bin/sh;
			shellScript = "\"${PODS_ROOT}/Target Support Files/Pods-DemoAPI/Pods-DemoAPI-frameworks.sh\"\n";
			showEnvVarsInLog = 0;
		};
/* End PBXShellScriptBuildPhase section */

/* Begin PBXSourcesBuildPhase section */
		F3EEB54529F92CE400E7933D /* Sources */ = {
			isa = PBXSourcesBuildPhase;
			buildActionMask = 2147483647;
			files = (
				F3A7052A29FAA203008B6BE2 /* UnsplashItem.swift in Sources */,
				F3A7052829FA72B5008B6BE2 /* ShowImageVC.swift in Sources */,
				F3EEB55129F92CE400E7933D /* ViewController.swift in Sources */,
				F3EEB54D29F92CE400E7933D /* AppDelegate.swift in Sources */,
				F3EEB56129F9316500E7933D /* MyCollectionViewCell.swift in Sources */,
				F3EEB54F29F92CE400E7933D /* SceneDelegate.swift in Sources */,
			);
			runOnlyForDeploymentPostprocessing = 0;
		};
/* End PBXSourcesBuildPhase section */

/* Begin PBXVariantGroup section */
		F3EEB55229F92CE400E7933D /* Main.storyboard */ = {
			isa = PBXVariantGroup;
			children = (
				F3EEB55329F92CE400E7933D /* Base */,
			);
			name = Main.storyboard;
			sourceTree = "<group>";
		};
		F3EEB55729F92CE500E7933D /* LaunchScreen.storyboard */ = {
			isa = PBXVariantGroup;
			children = (
				F3EEB55829F92CE500E7933D /* Base */,
			);
			name = LaunchScreen.storyboard;
			sourceTree = "<group>";
		};
/* End PBXVariantGroup section */

/* Begin XCBuildConfiguration section */
		F3EEB55B29F92CE500E7933D /* Debug */ = {
			isa = XCBuildConfiguration;
			buildSettings = {
				ALWAYS_SEARCH_USER_PATHS = NO;
				CLANG_ANALYZER_NONNULL = YES;
				CLANG_ANALYZER_NUMBER_OBJECT_CONVERSION = YES_AGGRESSIVE;
				CLANG_CXX_LANGUAGE_STANDARD = "gnu++20";
				CLANG_ENABLE_MODULES = YES;
				CLANG_ENABLE_OBJC_ARC = YES;
				CLANG_ENABLE_OBJC_WEAK = YES;
				CLANG_WARN_BLOCK_CAPTURE_AUTORELEASING = YES;
				CLANG_WARN_BOOL_CONVERSION = YES;
				CLANG_WARN_COMMA = YES;
				CLANG_WARN_CONSTANT_CONVERSION = YES;
				CLANG_WARN_DEPRECATED_OBJC_IMPLEMENTATIONS = YES;
				CLANG_WARN_DIRECT_OBJC_ISA_USAGE = YES_ERROR;
				CLANG_WARN_DOCUMENTATION_COMMENTS = YES;
				CLANG_WARN_EMPTY_BODY = YES;
				CLANG_WARN_ENUM_CONVERSION = YES;
				CLANG_WARN_INFINITE_RECURSION = YES;
				CLANG_WARN_INT_CONVERSION = YES;
				CLANG_WARN_NON_LITERAL_NULL_CONVERSION = YES;
				CLANG_WARN_OBJC_IMPLICIT_RETAIN_SELF = YES;
				CLANG_WARN_OBJC_LITERAL_CONVERSION = YES;
				CLANG_WARN_OBJC_ROOT_CLASS = YES_ERROR;
				CLANG_WARN_QUOTED_INCLUDE_IN_FRAMEWORK_HEADER = YES;
				CLANG_WARN_RANGE_LOOP_ANALYSIS = YES;
				CLANG_WARN_STRICT_PROTOTYPES = YES;
				CLANG_WARN_SUSPICIOUS_MOVE = YES;
				CLANG_WARN_UNGUARDED_AVAILABILITY = YES_AGGRESSIVE;
				CLANG_WARN_UNREACHABLE_CODE = YES;
				CLANG_WARN__DUPLICATE_METHOD_MATCH = YES;
				COPY_PHASE_STRIP = NO;
				DEBUG_INFORMATION_FORMAT = dwarf;
				ENABLE_STRICT_OBJC_MSGSEND = YES;
				ENABLE_TESTABILITY = YES;
				GCC_C_LANGUAGE_STANDARD = gnu11;
				GCC_DYNAMIC_NO_PIC = NO;
				GCC_NO_COMMON_BLOCKS = YES;
				GCC_OPTIMIZATION_LEVEL = 0;
				GCC_PREPROCESSOR_DEFINITIONS = (
					"DEBUG=1",
					"$(inherited)",
				);
				GCC_WARN_64_TO_32_BIT_CONVERSION = YES;
				GCC_WARN_ABOUT_RETURN_TYPE = YES_ERROR;
				GCC_WARN_UNDECLARED_SELECTOR = YES;
				GCC_WARN_UNINITIALIZED_AUTOS = YES_AGGRESSIVE;
				GCC_WARN_UNUSED_FUNCTION = YES;
				GCC_WARN_UNUSED_VARIABLE = YES;
				IPHONEOS_DEPLOYMENT_TARGET = 16.4;
				MTL_ENABLE_DEBUG_INFO = INCLUDE_SOURCE;
				MTL_FAST_MATH = YES;
				ONLY_ACTIVE_ARCH = YES;
				SDKROOT = iphoneos;
				SWIFT_ACTIVE_COMPILATION_CONDITIONS = DEBUG;
				SWIFT_OPTIMIZATION_LEVEL = "-Onone";
			};
			name = Debug;
		};
		F3EEB55C29F92CE500E7933D /* Release */ = {
			isa = XCBuildConfiguration;
			buildSettings = {
				ALWAYS_SEARCH_USER_PATHS = NO;
				CLANG_ANALYZER_NONNULL = YES;
				CLANG_ANALYZER_NUMBER_OBJECT_CONVERSION = YES_AGGRESSIVE;
				CLANG_CXX_LANGUAGE_STANDARD = "gnu++20";
				CLANG_ENABLE_MODULES = YES;
				CLANG_ENABLE_OBJC_ARC = YES;
				CLANG_ENABLE_OBJC_WEAK = YES;
				CLANG_WARN_BLOCK_CAPTURE_AUTORELEASING = YES;
				CLANG_WARN_BOOL_CONVERSION = YES;
				CLANG_WARN_COMMA = YES;
				CLANG_WARN_CONSTANT_CONVERSION = YES;
				CLANG_WARN_DEPRECATED_OBJC_IMPLEMENTATIONS = YES;
				CLANG_WARN_DIRECT_OBJC_ISA_USAGE = YES_ERROR;
				CLANG_WARN_DOCUMENTATION_COMMENTS = YES;
				CLANG_WARN_EMPTY_BODY = YES;
				CLANG_WARN_ENUM_CONVERSION = YES;
				CLANG_WARN_INFINITE_RECURSION = YES;
				CLANG_WARN_INT_CONVERSION = YES;
				CLANG_WARN_NON_LITERAL_NULL_CONVERSION = YES;
				CLANG_WARN_OBJC_IMPLICIT_RETAIN_SELF = YES;
				CLANG_WARN_OBJC_LITERAL_CONVERSION = YES;
				CLANG_WARN_OBJC_ROOT_CLASS = YES_ERROR;
				CLANG_WARN_QUOTED_INCLUDE_IN_FRAMEWORK_HEADER = YES;
				CLANG_WARN_RANGE_LOOP_ANALYSIS = YES;
				CLANG_WARN_STRICT_PROTOTYPES = YES;
				CLANG_WARN_SUSPICIOUS_MOVE = YES;
				CLANG_WARN_UNGUARDED_AVAILABILITY = YES_AGGRESSIVE;
				CLANG_WARN_UNREACHABLE_CODE = YES;
				CLANG_WARN__DUPLICATE_METHOD_MATCH = YES;
				COPY_PHASE_STRIP = NO;
				DEBUG_INFORMATION_FORMAT = "dwarf-with-dsym";
				ENABLE_NS_ASSERTIONS = NO;
				ENABLE_STRICT_OBJC_MSGSEND = YES;
				GCC_C_LANGUAGE_STANDARD = gnu11;
				GCC_NO_COMMON_BLOCKS = YES;
				GCC_WARN_64_TO_32_BIT_CONVERSION = YES;
				GCC_WARN_ABOUT_RETURN_TYPE = YES_ERROR;
				GCC_WARN_UNDECLARED_SELECTOR = YES;
				GCC_WARN_UNINITIALIZED_AUTOS = YES_AGGRESSIVE;
				GCC_WARN_UNUSED_FUNCTION = YES;
				GCC_WARN_UNUSED_VARIABLE = YES;
				IPHONEOS_DEPLOYMENT_TARGET = 16.4;
				MTL_ENABLE_DEBUG_INFO = NO;
				MTL_FAST_MATH = YES;
				SDKROOT = iphoneos;
				SWIFT_COMPILATION_MODE = wholemodule;
				SWIFT_OPTIMIZATION_LEVEL = "-O";
				VALIDATE_PRODUCT = YES;
			};
			name = Release;
		};
		F3EEB55E29F92CE500E7933D /* Debug */ = {
			isa = XCBuildConfiguration;
			baseConfigurationReference = 119FD4E324D444D5A839E964 /* Pods-DemoAPI.debug.xcconfig */;
			buildSettings = {
				ASSETCATALOG_COMPILER_APPICON_NAME = AppIcon;
				ASSETCATALOG_COMPILER_GLOBAL_ACCENT_COLOR_NAME = AccentColor;
				CODE_SIGN_STYLE = Automatic;
				CURRENT_PROJECT_VERSION = 1;
				DEVELOPMENT_TEAM = 3TS722284J;
				GENERATE_INFOPLIST_FILE = YES;
				INFOPLIST_FILE = DemoAPI/Info.plist;
				INFOPLIST_KEY_UIApplicationSupportsIndirectInputEvents = YES;
				INFOPLIST_KEY_UILaunchStoryboardName = LaunchScreen;
				INFOPLIST_KEY_UIMainStoryboardFile = Main;
				INFOPLIST_KEY_UISupportedInterfaceOrientations_iPad = "UIInterfaceOrientationPortrait UIInterfaceOrientationPortraitUpsideDown UIInterfaceOrientationLandscapeLeft UIInterfaceOrientationLandscapeRight";
				INFOPLIST_KEY_UISupportedInterfaceOrientations_iPhone = "UIInterfaceOrientationPortrait UIInterfaceOrientationLandscapeLeft UIInterfaceOrientationLandscapeRight";
				LD_RUNPATH_SEARCH_PATHS = (
					"$(inherited)",
					"@executable_path/Frameworks",
				);
				MARKETING_VERSION = 1.0;
				PRODUCT_BUNDLE_IDENTIFIER = newApp.DemoAPI;
				PRODUCT_NAME = "$(TARGET_NAME)";
				SWIFT_EMIT_LOC_STRINGS = YES;
				SWIFT_VERSION = 5.0;
				TARGETED_DEVICE_FAMILY = "1,2";
			};
			name = Debug;
		};
		F3EEB55F29F92CE500E7933D /* Release */ = {
			isa = XCBuildConfiguration;
			baseConfigurationReference = A392C67220043B2CBF707044 /* Pods-DemoAPI.release.xcconfig */;
			buildSettings = {
				ASSETCATALOG_COMPILER_APPICON_NAME = AppIcon;
				ASSETCATALOG_COMPILER_GLOBAL_ACCENT_COLOR_NAME = AccentColor;
				CODE_SIGN_STYLE = Automatic;
				CURRENT_PROJECT_VERSION = 1;
				DEVELOPMENT_TEAM = 3TS722284J;
				GENERATE_INFOPLIST_FILE = YES;
				INFOPLIST_FILE = DemoAPI/Info.plist;
				INFOPLIST_KEY_UIApplicationSupportsIndirectInputEvents = YES;
				INFOPLIST_KEY_UILaunchStoryboardName = LaunchScreen;
				INFOPLIST_KEY_UIMainStoryboardFile = Main;
				INFOPLIST_KEY_UISupportedInterfaceOrientations_iPad = "UIInterfaceOrientationPortrait UIInterfaceOrientationPortraitUpsideDown UIInterfaceOrientationLandscapeLeft UIInterfaceOrientationLandscapeRight";
				INFOPLIST_KEY_UISupportedInterfaceOrientations_iPhone = "UIInterfaceOrientationPortrait UIInterfaceOrientationLandscapeLeft UIInterfaceOrientationLandscapeRight";
				LD_RUNPATH_SEARCH_PATHS = (
					"$(inherited)",
					"@executable_path/Frameworks",
				);
				MARKETING_VERSION = 1.0;
				PRODUCT_BUNDLE_IDENTIFIER = newApp.DemoAPI;
				PRODUCT_NAME = "$(TARGET_NAME)";
				SWIFT_EMIT_LOC_STRINGS = YES;
				SWIFT_VERSION = 5.0;
				TARGETED_DEVICE_FAMILY = "1,2";
			};
			name = Release;
		};
/* End XCBuildConfiguration section */

/* Begin XCConfigurationList section */
		F3EEB54429F92CE400E7933D /* Build configuration list for PBXProject "DemoAPI" */ = {
			isa = XCConfigurationList;
			buildConfigurations = (
				F3EEB55B29F92CE500E7933D /* Debug */,
				F3EEB55C29F92CE500E7933D /* Release */,
			);
			defaultConfigurationIsVisible = 0;
			defaultConfigurationName = Release;
		};
		F3EEB55D29F92CE500E7933D /* Build configuration list for PBXNativeTarget "DemoAPI" */ = {
			isa = XCConfigurationList;
			buildConfigurations = (
				F3EEB55E29F92CE500E7933D /* Debug */,
				F3EEB55F29F92CE500E7933D /* Release */,
			);
			defaultConfigurationIsVisible = 0;
			defaultConfigurationName = Release;
		};
/* End XCConfigurationList section */
	};
	rootObject = F3EEB54129F92CE400E7933D /* Project object */;
}
